
Microsoft Visual Studio Solution File, Format Version 12.00
# Visual Studio 15
VisualStudioVersion = 15.0.28307.1209
MinimumVisualStudioVersion = 10.0.40219.1
Project("{FAE04EC0-301F-11D3-BF4B-00C04F79EFBC}") = "Poppel System", "Poppel System\Poppel System.csproj", "{D5E590D1-7FDC-4177-A3A9-9D9C75BAEAF9}"
EndProject
Global
	GlobalSection(SolutionConfigurationPlatforms) = preSolution
		Debug|Any CPU = Debug|Any CPU
		Release|Any CPU = Release|Any CPU
	EndGlobalSection
	GlobalSection(ProjectConfigurationPlatforms) = postSolution
		{D5E590D1-7FDC-4177-A3A9-9D9C75BAEAF9}.Debug|Any CPU.ActiveCfg = Debug|Any CPU
		{D5E590D1-7FDC-4177-A3A9-9D9C75BAEAF9}.Debug|Any CPU.Build.0 = Debug|Any CPU
		{D5E590D1-7FDC-4177-A3A9-9D9C75BAEAF9}.Release|Any CPU.ActiveCfg = Release|Any CPU
		{D5E590D1-7FDC-4177-A3A9-9D9C75BAEAF9}.Release|Any CPU.Build.0 = Release|Any CPU
	EndGlobalSection
	GlobalSection(SolutionProperties) = preSolution
		HideSolutionNode = FALSE
	EndGlobalSection
	GlobalSection(ExtensibilityGlobals) = postSolution
		SolutionGuid = {0B67C719-00D9-4C02-BFE0-69FBA444C051}
	EndGlobalSection
EndGlobal
